{
  "name": "mock-and-replay",
  "version": "1.0.0",
  "lockfileVersion": 1,
  "requires": true,
  "dependencies": {
    "bluebird": {
      "version": "3.3.5",
      "resolved": "https://registry.npmjs.org/bluebird/-/bluebird-3.3.5.tgz",
      "integrity": "sha1-XudH8ce9lnZYtoOTZDCu51OVWjQ="
    },
    "debug": {
      "version": "3.2.6",
      "resolved": "https://registry.npmjs.org/debug/-/debug-3.2.6.tgz",
      "integrity": "sha512-mel+jf7nrtEl5Pn1Qx46zARXKDpBbvzezse7p7LqINmdoIk8PYP5SySaxEmYv6TZ0JyEKA1hsCId6DIhgITtWQ==",
      "requires": {
        "ms": "^2.1.1"
      }
    },
    "ejs": {
      "version": "2.7.4",
      "resolved": "https://registry.npmjs.org/ejs/-/ejs-2.7.4.tgz",
      "integrity": "sha512-7vmuyh5+kuUyJKePhQfRQBhXV5Ce+RnaeeQArKu1EAMpL3WbgMt5WG6uQZpEVvYSSsxMXRKOewtDk9RaTKXRlA=="
    },
    "incoming-message-hash": {
      "version": "4.0.0",
      "resolved": "https://registry.npmjs.org/incoming-message-hash/-/incoming-message-hash-4.0.0.tgz",
      "integrity": "sha512-IUL106dpz+ervWlf8NRfGB2iLuJv2SwMmn/WYbAwOWW6OdrD/sg5sBYPXU7aLXzTF6ASguykKc4WLT3GdmyT2g=="
    },
    "minimist": {
      "version": "1.2.6",
      "resolved": "https://registry.npmjs.org/minimist/-/minimist-1.2.6.tgz",
      "integrity": "sha512-Jsjnk4bw3YJqYzbdyBiNsPWHPfO++UGG749Cxs6peCu5Xg4nrena6OVxOYxrQTqww0Jmwt+Ref8rggumkTLz9Q=="
    },
    "mkdirp": {
      "version": "0.5.2",
      "resolved": "https://registry.npmjs.org/mkdirp/-/mkdirp-0.5.2.tgz",
      "integrity": "sha512-jczt4BrifxW743wRHJ05AnqIF52sDrHCAjTO66cFQStG1/jHMLFSGdAa3Rec21jdEObaPugcXfbh6Ammt2VQsw==",
      "requires": {
        "minimist": "^1.2.5"
      }
    },
    "ms": {
      "version": "2.1.2",
      "resolved": "https://registry.npmjs.org/ms/-/ms-2.1.2.tgz",
      "integrity": "sha512-sGkPx+VjMtmA6MX27oA4FBFELFCZZ4S4XqeGOXCv68tT+jb3vk/RyaKWP0PTKyWtmLSM0b+adUTEvbs1PEaH2w=="
    },
    "yakbak": {
      "version": "4.0.0",
      "resolved": "https://registry.npmjs.org/yakbak/-/yakbak-4.0.0.tgz",
      "integrity": "sha512-ZD1qeg7uo23jqQnwLAb+XUfAYiMfpBwk20wWxNd1Leg6HoCkoc30qZDvOtGLImG3uAu7bvSYcJAKycSezLddlA==",
      "requires": {
        "bluebird": "~3.3.4",
        "debug": "^3.1.0",
        "ejs": "^2.5.5",
        "incoming-message-hash": "^4.0.0",
        "mkdirp": "~0.5.0"
      }
    }
  }
}
